
Microsoft Visual Studio Solution File, Format Version 12.00
# Visual Studio Version 16
VisualStudioVersion = 16.0.32126.315
MinimumVisualStudioVersion = 10.0.40219.1
Project("{FAE04EC0-301F-11D3-BF4B-00C04F79EFBC}") = "LabTaskManager", "LabTaskManager\LabTaskManager.csproj", "{731F359E-096C-4A7C-8257-20D927395650}"
EndProject
Global
	GlobalSection(SolutionConfigurationPlatforms) = preSolution
		Debug|Any CPU = Debug|Any CPU
		Release|Any CPU = Release|Any CPU
	EndGlobalSection
	GlobalSection(ProjectConfigurationPlatforms) = postSolution
		{731F359E-096C-4A7C-8257-20D927395650}.Debug|Any CPU.ActiveCfg = Debug|Any CPU
		{731F359E-096C-4A7C-8257-20D927395650}.Debug|Any CPU.Build.0 = Debug|Any CPU
		{731F359E-096C-4A7C-8257-20D927395650}.Release|Any CPU.ActiveCfg = Release|Any CPU
		{731F359E-096C-4A7C-8257-20D927395650}.Release|Any CPU.Build.0 = Release|Any CPU
	EndGlobalSection
	GlobalSection(SolutionProperties) = preSolution
		HideSolutionNode = FALSE
	EndGlobalSection
	GlobalSection(ExtensibilityGlobals) = postSolution
		SolutionGuid = {33687BA1-84CC-4084-84CF-6197F7A9DE73}
	EndGlobalSection
EndGlobal
